
Microsoft Visual Studio Solution File, Format Version 12.00
# Visual Studio 15
VisualStudioVersion = 15.0.28307.271
MinimumVisualStudioVersion = 10.0.40219.1
Project("{FAE04EC0-301F-11D3-BF4B-00C04F79EFBC}") = "ACE_Mall.Model", "ACE_Mall.Model\ACE_Mall.Model.csproj", "{E297EA42-948E-4E55-AFED-E3FD88287A28}"
EndProject
Project("{FAE04EC0-301F-11D3-BF4B-00C04F79EFBC}") = "ACE_Mall.BLL", "ACE_Mall.BLL\ACE_Mall.BLL.csproj", "{3096C762-7FC0-4069-8845-C70F9BAA4292}"
	ProjectSection(ProjectDependencies) = postProject
		{669F4B09-A9E4-47DC-9D3C-2101B16F6D2A} = {669F4B09-A9E4-47DC-9D3C-2101B16F6D2A}
		{E297EA42-948E-4E55-AFED-E3FD88287A28} = {E297EA42-948E-4E55-AFED-E3FD88287A28}
		{E8F6D5BF-E1BB-40F2-9D5F-B7D61FFC336C} = {E8F6D5BF-E1BB-40F2-9D5F-B7D61FFC336C}
	EndProjectSection
EndProject
Project("{FAE04EC0-301F-11D3-BF4B-00C04F79EFBC}") = "ACE_Mall.DAL", "ACE_Mall.DAL\ACE_Mall.DAL.csproj", "{669F4B09-A9E4-47DC-9D3C-2101B16F6D2A}"
	ProjectSection(ProjectDependencies) = postProject
		{E297EA42-948E-4E55-AFED-E3FD88287A28} = {E297EA42-948E-4E55-AFED-E3FD88287A28}
	EndProjectSection
EndProject
Project("{FAE04EC0-301F-11D3-BF4B-00C04F79EFBC}") = "ACE_Front_Mall.MVC", "ACE_Front_Mall.MVC\ACE_Front_Mall.MVC.csproj", "{71B71FDA-18C1-4E35-91EA-B6D6171FBD19}"
	ProjectSection(ProjectDependencies) = postProject
		{E297EA42-948E-4E55-AFED-E3FD88287A28} = {E297EA42-948E-4E55-AFED-E3FD88287A28}
		{3096C762-7FC0-4069-8845-C70F9BAA4292} = {3096C762-7FC0-4069-8845-C70F9BAA4292}
		{E8F6D5BF-E1BB-40F2-9D5F-B7D61FFC336C} = {E8F6D5BF-E1BB-40F2-9D5F-B7D61FFC336C}
	EndProjectSection
EndProject
Project("{FAE04EC0-301F-11D3-BF4B-00C04F79EFBC}") = "ACE_Behind_Mall.MVC", "ACE_Behind_Mall.MVC\ACE_Behind_Mall.MVC.csproj", "{BA6B9A99-16F5-4D47-AD1E-55A3D596BDD5}"
	ProjectSection(ProjectDependencies) = postProject
		{E297EA42-948E-4E55-AFED-E3FD88287A28} = {E297EA42-948E-4E55-AFED-E3FD88287A28}
		{3096C762-7FC0-4069-8845-C70F9BAA4292} = {3096C762-7FC0-4069-8845-C70F9BAA4292}
		{E8F6D5BF-E1BB-40F2-9D5F-B7D61FFC336C} = {E8F6D5BF-E1BB-40F2-9D5F-B7D61FFC336C}
	EndProjectSection
EndProject
Project("{FAE04EC0-301F-11D3-BF4B-00C04F79EFBC}") = "ACE_Mall.Common", "ACE_Mall.Common\ACE_Mall.Common.csproj", "{E8F6D5BF-E1BB-40F2-9D5F-B7D61FFC336C}"
	ProjectSection(ProjectDependencies) = postProject
		{E297EA42-948E-4E55-AFED-E3FD88287A28} = {E297EA42-948E-4E55-AFED-E3FD88287A28}
	EndProjectSection
EndProject
Project("{FAE04EC0-301F-11D3-BF4B-00C04F79EFBC}") = "ACE_Behind_Mall.WebApi", "ACE_Behind_Mall.WebApi\ACE_Behind_Mall.WebApi.csproj", "{F33B3D04-4AAB-4F58-B43C-D87718262797}"
	ProjectSection(ProjectDependencies) = postProject
		{3096C762-7FC0-4069-8845-C70F9BAA4292} = {3096C762-7FC0-4069-8845-C70F9BAA4292}
		{E8F6D5BF-E1BB-40F2-9D5F-B7D61FFC336C} = {E8F6D5BF-E1BB-40F2-9D5F-B7D61FFC336C}
	EndProjectSection
EndProject
Global
	GlobalSection(SolutionConfigurationPlatforms) = preSolution
		Debug|Any CPU = Debug|Any CPU
		Release|Any CPU = Release|Any CPU
	EndGlobalSection
	GlobalSection(ProjectConfigurationPlatforms) = postSolution
		{E297EA42-948E-4E55-AFED-E3FD88287A28}.Debug|Any CPU.ActiveCfg = Debug|Any CPU
		{E297EA42-948E-4E55-AFED-E3FD88287A28}.Debug|Any CPU.Build.0 = Debug|Any CPU
		{E297EA42-948E-4E55-AFED-E3FD88287A28}.Release|Any CPU.ActiveCfg = Release|Any CPU
		{E297EA42-948E-4E55-AFED-E3FD88287A28}.Release|Any CPU.Build.0 = Release|Any CPU
		{3096C762-7FC0-4069-8845-C70F9BAA4292}.Debug|Any CPU.ActiveCfg = Debug|Any CPU
		{3096C762-7FC0-4069-8845-C70F9BAA4292}.Debug|Any CPU.Build.0 = Debug|Any CPU
		{3096C762-7FC0-4069-8845-C70F9BAA4292}.Release|Any CPU.ActiveCfg = Release|Any CPU
		{3096C762-7FC0-4069-8845-C70F9BAA4292}.Release|Any CPU.Build.0 = Release|Any CPU
		{669F4B09-A9E4-47DC-9D3C-2101B16F6D2A}.Debug|Any CPU.ActiveCfg = Debug|Any CPU
		{669F4B09-A9E4-47DC-9D3C-2101B16F6D2A}.Debug|Any CPU.Build.0 = Debug|Any CPU
		{669F4B09-A9E4-47DC-9D3C-2101B16F6D2A}.Release|Any CPU.ActiveCfg = Release|Any CPU
		{669F4B09-A9E4-47DC-9D3C-2101B16F6D2A}.Release|Any CPU.Build.0 = Release|Any CPU
		{71B71FDA-18C1-4E35-91EA-B6D6171FBD19}.Debug|Any CPU.ActiveCfg = Debug|Any CPU
		{71B71FDA-18C1-4E35-91EA-B6D6171FBD19}.Debug|Any CPU.Build.0 = Debug|Any CPU
		{71B71FDA-18C1-4E35-91EA-B6D6171FBD19}.Release|Any CPU.ActiveCfg = Release|Any CPU
		{71B71FDA-18C1-4E35-91EA-B6D6171FBD19}.Release|Any CPU.Build.0 = Release|Any CPU
		{BA6B9A99-16F5-4D47-AD1E-55A3D596BDD5}.Debug|Any CPU.ActiveCfg = Debug|Any CPU
		{BA6B9A99-16F5-4D47-AD1E-55A3D596BDD5}.Debug|Any CPU.Build.0 = Debug|Any CPU
		{BA6B9A99-16F5-4D47-AD1E-55A3D596BDD5}.Release|Any CPU.ActiveCfg = Release|Any CPU
		{BA6B9A99-16F5-4D47-AD1E-55A3D596BDD5}.Release|Any CPU.Build.0 = Release|Any CPU
		{E8F6D5BF-E1BB-40F2-9D5F-B7D61FFC336C}.Debug|Any CPU.ActiveCfg = Debug|Any CPU
		{E8F6D5BF-E1BB-40F2-9D5F-B7D61FFC336C}.Debug|Any CPU.Build.0 = Debug|Any CPU
		{E8F6D5BF-E1BB-40F2-9D5F-B7D61FFC336C}.Release|Any CPU.ActiveCfg = Release|Any CPU
		{E8F6D5BF-E1BB-40F2-9D5F-B7D61FFC336C}.Release|Any CPU.Build.0 = Release|Any CPU
		{F33B3D04-4AAB-4F58-B43C-D87718262797}.Debug|Any CPU.ActiveCfg = Debug|Any CPU
		{F33B3D04-4AAB-4F58-B43C-D87718262797}.Debug|Any CPU.Build.0 = Debug|Any CPU
		{F33B3D04-4AAB-4F58-B43C-D87718262797}.Release|Any CPU.ActiveCfg = Release|Any CPU
		{F33B3D04-4AAB-4F58-B43C-D87718262797}.Release|Any CPU.Build.0 = Release|Any CPU
	EndGlobalSection
	GlobalSection(SolutionProperties) = preSolution
		HideSolutionNode = FALSE
	EndGlobalSection
	GlobalSection(ExtensibilityGlobals) = postSolution
		SolutionGuid = {9CACE148-3EC0-4BD1-BD9E-384C4D7DEEBC}
	EndGlobalSection
EndGlobal
